
Microsoft Visual Studio Solution File, Format Version 12.00
# Visual Studio Version 17
VisualStudioVersion = 17.14.37301.10 d17.14
MinimumVisualStudioVersion = 10.0.40219.1
Project("{FAE04EC0-301F-11D3-BF4B-00C04F79EFBC}") = "Billing.Api", "Billing\Billing.Api.csproj", "{318835EC-37CE-416E-9E64-8866767A7B08}"
EndProject
Project("{FAE04EC0-301F-11D3-BF4B-00C04F79EFBC}") = "Billing.Domain", "Billing.Domain\Billing.Domain.csproj", "{CA7C1D0D-C466-4E2D-9FB6-B82A2BD6083E}"
EndProject
Global
	GlobalSection(SolutionConfigurationPlatforms) = preSolution
		Debug|Any CPU = Debug|Any CPU
		Release|Any CPU = Release|Any CPU
	EndGlobalSection
	GlobalSection(ProjectConfigurationPlatforms) = postSolution
		{318835EC-37CE-416E-9E64-8866767A7B08}.Debug|Any CPU.ActiveCfg = Debug|Any CPU
		{318835EC-37CE-416E-9E64-8866767A7B08}.Debug|Any CPU.Build.0 = Debug|Any CPU
		{318835EC-37CE-416E-9E64-8866767A7B08}.Release|Any CPU.ActiveCfg = Release|Any CPU
		{318835EC-37CE-416E-9E64-8866767A7B08}.Release|Any CPU.Build.0 = Release|Any CPU
		{CA7C1D0D-C466-4E2D-9FB6-B82A2BD6083E}.Debug|Any CPU.ActiveCfg = Debug|Any CPU
		{CA7C1D0D-C466-4E2D-9FB6-B82A2BD6083E}.Debug|Any CPU.Build.0 = Debug|Any CPU
		{CA7C1D0D-C466-4E2D-9FB6-B82A2BD6083E}.Release|Any CPU.ActiveCfg = Release|Any CPU
		{CA7C1D0D-C466-4E2D-9FB6-B82A2BD6083E}.Release|Any CPU.Build.0 = Release|Any CPU
	EndGlobalSection
	GlobalSection(SolutionProperties) = preSolution
		HideSolutionNode = FALSE
	EndGlobalSection
	GlobalSection(ExtensibilityGlobals) = postSolution
		SolutionGuid = {B804A964-99F7-471F-A5D9-941DA4C42859}
	EndGlobalSection
EndGlobal
